{
  "name": "Github_user_search",
  "lockfileVersion": 3,
  "requires": true,
  "packages": {
    "": {
      "dependencies": {
        "octocat-icon-font": "^1.0.1"
      }
    },
    "node_modules/octocat-icon-font": {
      "version": "1.0.1",
      "resolved": "https://registry.npmjs.org/octocat-icon-font/-/octocat-icon-font-1.0.1.tgz",
      "integrity": "sha512-ZzQAcshoG1KvlSoCgSq+Z/dY83f6B4fW2KECjJ7VVRtI72PFfXk6sUXFfGdFomzdBTWqrxqUw86dkqa57gqg8g=="
    }
  }
}
